
Microsoft Visual Studio Solution File, Format Version 12.00
# Visual Studio Version 17
VisualStudioVersion = 17.13.35825.156
MinimumVisualStudioVersion = 10.0.40219.1
Project("{FAE04EC0-301F-11D3-BF4B-00C04F79EFBC}") = "proiect scoala", "proiect scoala\proiect scoala.csproj", "{3805A9AF-5176-48F1-B6C9-39447E1A619C}"
EndProject
Project("{2150E333-8FDC-42A3-9474-1A3956D46DE8}") = "Solution Items", "Solution Items", "{02EA681E-C7D8-13C7-8484-4AC65E1B71E8}"
EndProject
Project("{FAE04EC0-301F-11D3-BF4B-00C04F79EFBC}") = "FormaFirma", "FormaFirma\FormaFirma.csproj", "{880F5374-2CD3-4455-8DE9-D635170B872D}"
EndProject
Global
	GlobalSection(SolutionConfigurationPlatforms) = preSolution
		Debug|Any CPU = Debug|Any CPU
		Release|Any CPU = Release|Any CPU
	EndGlobalSection
	GlobalSection(ProjectConfigurationPlatforms) = postSolution
		{3805A9AF-5176-48F1-B6C9-39447E1A619C}.Debug|Any CPU.ActiveCfg = Debug|Any CPU
		{3805A9AF-5176-48F1-B6C9-39447E1A619C}.Debug|Any CPU.Build.0 = Debug|Any CPU
		{3805A9AF-5176-48F1-B6C9-39447E1A619C}.Release|Any CPU.ActiveCfg = Release|Any CPU
		{3805A9AF-5176-48F1-B6C9-39447E1A619C}.Release|Any CPU.Build.0 = Release|Any CPU
		{880F5374-2CD3-4455-8DE9-D635170B872D}.Debug|Any CPU.ActiveCfg = Debug|Any CPU
		{880F5374-2CD3-4455-8DE9-D635170B872D}.Debug|Any CPU.Build.0 = Debug|Any CPU
		{880F5374-2CD3-4455-8DE9-D635170B872D}.Release|Any CPU.ActiveCfg = Release|Any CPU
		{880F5374-2CD3-4455-8DE9-D635170B872D}.Release|Any CPU.Build.0 = Release|Any CPU
	EndGlobalSection
	GlobalSection(SolutionProperties) = preSolution
		HideSolutionNode = FALSE
	EndGlobalSection
	GlobalSection(ExtensibilityGlobals) = postSolution
		SolutionGuid = {D23D237A-AD4A-4D0B-BB9A-50E075223EF6}
	EndGlobalSection
EndGlobal
